
Microsoft Visual Studio Solution File, Format Version 12.00
# Visual Studio Version 16
VisualStudioVersion = 16.0.31702.278
MinimumVisualStudioVersion = 10.0.40219.1
Project("{888888A0-9F3D-457C-B088-3A5042F75D52}") = "Hangman", "Hangman\Hangman.pyproj", "{3E08FE3D-46F3-430A-A4D2-84D3CE5DD276}"
EndProject
Global
	GlobalSection(SolutionConfigurationPlatforms) = preSolution
		Debug|Any CPU = Debug|Any CPU
		Release|Any CPU = Release|Any CPU
	EndGlobalSection
	GlobalSection(ProjectConfigurationPlatforms) = postSolution
		{3E08FE3D-46F3-430A-A4D2-84D3CE5DD276}.Debug|Any CPU.ActiveCfg = Debug|Any CPU
		{3E08FE3D-46F3-430A-A4D2-84D3CE5DD276}.Release|Any CPU.ActiveCfg = Release|Any CPU
	EndGlobalSection
	GlobalSection(SolutionProperties) = preSolution
		HideSolutionNode = FALSE
	EndGlobalSection
	GlobalSection(ExtensibilityGlobals) = postSolution
		SolutionGuid = {A593E263-5519-4CEC-9074-303434B83ED8}
	EndGlobalSection
EndGlobal
